
Microsoft Visual Studio Solution File, Format Version 12.00
# Visual Studio 15
VisualStudioVersion = 15.0.26730.3
MinimumVisualStudioVersion = 10.0.40219.1
Project("{FAE04EC0-301F-11D3-BF4B-00C04F79EFBC}") = "Test", "Test\Test.csproj", "{3BAD4D4F-A0D5-4152-BC95-7BF21CC8D39E}"
EndProject
Global
	GlobalSection(SolutionConfigurationPlatforms) = preSolution
		Debug|ARM = Debug|ARM
		Debug|x64 = Debug|x64
		Debug|x86 = Debug|x86
		Release|ARM = Release|ARM
		Release|x64 = Release|x64
		Release|x86 = Release|x86
	EndGlobalSection
	GlobalSection(ProjectConfigurationPlatforms) = postSolution
		{3BAD4D4F-A0D5-4152-BC95-7BF21CC8D39E}.Debug|ARM.ActiveCfg = Debug|ARM
		{3BAD4D4F-A0D5-4152-BC95-7BF21CC8D39E}.Debug|ARM.Build.0 = Debug|ARM
		{3BAD4D4F-A0D5-4152-BC95-7BF21CC8D39E}.Debug|ARM.Deploy.0 = Debug|ARM
		{3BAD4D4F-A0D5-4152-BC95-7BF21CC8D39E}.Debug|x64.ActiveCfg = Debug|x64
		{3BAD4D4F-A0D5-4152-BC95-7BF21CC8D39E}.Debug|x64.Build.0 = Debug|x64
		{3BAD4D4F-A0D5-4152-BC95-7BF21CC8D39E}.Debug|x64.Deploy.0 = Debug|x64
		{3BAD4D4F-A0D5-4152-BC95-7BF21CC8D39E}.Debug|x86.ActiveCfg = Debug|x86
		{3BAD4D4F-A0D5-4152-BC95-7BF21CC8D39E}.Debug|x86.Build.0 = Debug|x86
		{3BAD4D4F-A0D5-4152-BC95-7BF21CC8D39E}.Debug|x86.Deploy.0 = Debug|x86
		{3BAD4D4F-A0D5-4152-BC95-7BF21CC8D39E}.Release|ARM.ActiveCfg = Release|ARM
		{3BAD4D4F-A0D5-4152-BC95-7BF21CC8D39E}.Release|ARM.Build.0 = Release|ARM
		{3BAD4D4F-A0D5-4152-BC95-7BF21CC8D39E}.Release|ARM.Deploy.0 = Release|ARM
		{3BAD4D4F-A0D5-4152-BC95-7BF21CC8D39E}.Release|x64.ActiveCfg = Release|x64
		{3BAD4D4F-A0D5-4152-BC95-7BF21CC8D39E}.Release|x64.Build.0 = Release|x64
		{3BAD4D4F-A0D5-4152-BC95-7BF21CC8D39E}.Release|x64.Deploy.0 = Release|x64
		{3BAD4D4F-A0D5-4152-BC95-7BF21CC8D39E}.Release|x86.ActiveCfg = Release|x86
		{3BAD4D4F-A0D5-4152-BC95-7BF21CC8D39E}.Release|x86.Build.0 = Release|x86
		{3BAD4D4F-A0D5-4152-BC95-7BF21CC8D39E}.Release|x86.Deploy.0 = Release|x86
	EndGlobalSection
	GlobalSection(SolutionProperties) = preSolution
		HideSolutionNode = FALSE
	EndGlobalSection
	GlobalSection(ExtensibilityGlobals) = postSolution
		SolutionGuid = {66F5202B-0EAA-48B1-B90A-959C2C7D2DC4}
	EndGlobalSection
EndGlobal
